<?xml version="1.0" encoding="utf-8"?>
<Project ToolsVersion="4.0" xmlns="http://schemas.microsoft.com/developer/msbuild/2003">
  <ItemGroup>
    <Filter Include="src">
      <UniqueIdentifier>{f3e2d01b-fa35-4044-a524-e2dc6c5d8fce}</UniqueIdentifier>
    </Filter>
    <Filter Include="src\gameobjects">
      <UniqueIdentifier>{305e98ca-4d9b-49da-9cef-a3f40b098838}</UniqueIdentifier>
    </Filter>
    <Filter Include="src\screens">
      <UniqueIdentifier>{7b253cf0-dc98-4156-ace8-88137a69c2e8}</UniqueIdentifier>
    </Filter>
  </ItemGroup>
  <ItemGroup>
    <ClCompile Include="..\src\main.cpp">
      <Filter>src</Filter>
    </ClCompile>
    <ClCompile Include="..\src\gameobjects\player.cpp">
      <Filter>src\gameobjects</Filter>
    </ClCompile>
    <ClCompile Include="..\src\screens\game_loop.cpp">
      <Filter>src\screens</Filter>
    </ClCompile>
    <ClCompile Include="..\src\gameobjects\rectangle_enemy.cpp">
      <Filter>src\gameobjects</Filter>
    </ClCompile>
    <ClCompile Include="..\src\screens\gameplay.cpp">
      <Filter>src\screens</Filter>
    </ClCompile>
    <ClCompile Include="..\src\screens\menu.cpp">
      <Filter>src\screens</Filter>
    </ClCompile>
  </ItemGroup>
  <ItemGroup>
    <ClInclude Include="..\src\gameobjects\player.h">
      <Filter>src\gameobjects</Filter>
    </ClInclude>
    <ClInclude Include="..\src\screens\game_loop.h">
      <Filter>src\screens</Filter>
    </ClInclude>
    <ClInclude Include="..\src\gameobjects\rectangle_enemy.h">
      <Filter>src\gameobjects</Filter>
    </ClInclude>
    <ClInclude Include="..\src\screens\gameplay.h">
      <Filter>src\screens</Filter>
    </ClInclude>
    <ClInclude Include="..\src\screens\menu.h">
      <Filter>src\screens</Filter>
    </ClInclude>
  </ItemGroup>
</Project>